
Microsoft Visual Studio Solution File, Format Version 12.00
# Visual Studio 14
VisualStudioVersion = 14.0.25420.1
MinimumVisualStudioVersion = 10.0.40219.1
Project("{FAE04EC0-301F-11D3-BF4B-00C04F79EFBC}") = "tlm.AssyToBin", "AssyToBin\tlm.AssyToBin.csproj", "{D3AA6188-2ADA-4F49-ADC8-975F30853683}"
EndProject
Project("{00D1A9C2-B5F0-4AF3-8072-F6C62B433612}") = "tlm.SqlFunctions", "tlm.SqlFunctions\tlm.SqlFunctions.sqlproj", "{AAFD86D6-767B-4030-B018-0F54A061437B}"
EndProject
Project("{FAE04EC0-301F-11D3-BF4B-00C04F79EFBC}") = "Generic.Text.RegularExpressions", "Verizon.Text.RegularExpressions\Generic.Text.RegularExpressions.csproj", "{D52D67B0-5BD4-446C-919A-8790896339BF}"
EndProject
Global
	GlobalSection(SolutionConfigurationPlatforms) = preSolution
		Debug|Any CPU = Debug|Any CPU
		Release|Any CPU = Release|Any CPU
	EndGlobalSection
	GlobalSection(ProjectConfigurationPlatforms) = postSolution
		{D3AA6188-2ADA-4F49-ADC8-975F30853683}.Debug|Any CPU.ActiveCfg = Debug|Any CPU
		{D3AA6188-2ADA-4F49-ADC8-975F30853683}.Debug|Any CPU.Build.0 = Debug|Any CPU
		{D3AA6188-2ADA-4F49-ADC8-975F30853683}.Release|Any CPU.ActiveCfg = Release|Any CPU
		{D3AA6188-2ADA-4F49-ADC8-975F30853683}.Release|Any CPU.Build.0 = Release|Any CPU
		{AAFD86D6-767B-4030-B018-0F54A061437B}.Debug|Any CPU.ActiveCfg = Debug|Any CPU
		{AAFD86D6-767B-4030-B018-0F54A061437B}.Debug|Any CPU.Build.0 = Debug|Any CPU
		{AAFD86D6-767B-4030-B018-0F54A061437B}.Debug|Any CPU.Deploy.0 = Debug|Any CPU
		{AAFD86D6-767B-4030-B018-0F54A061437B}.Release|Any CPU.ActiveCfg = Release|Any CPU
		{AAFD86D6-767B-4030-B018-0F54A061437B}.Release|Any CPU.Build.0 = Release|Any CPU
		{AAFD86D6-767B-4030-B018-0F54A061437B}.Release|Any CPU.Deploy.0 = Release|Any CPU
		{D52D67B0-5BD4-446C-919A-8790896339BF}.Debug|Any CPU.ActiveCfg = Debug|Any CPU
		{D52D67B0-5BD4-446C-919A-8790896339BF}.Debug|Any CPU.Build.0 = Debug|Any CPU
		{D52D67B0-5BD4-446C-919A-8790896339BF}.Release|Any CPU.ActiveCfg = Release|Any CPU
		{D52D67B0-5BD4-446C-919A-8790896339BF}.Release|Any CPU.Build.0 = Release|Any CPU
	EndGlobalSection
	GlobalSection(SolutionProperties) = preSolution
		HideSolutionNode = FALSE
	EndGlobalSection
EndGlobal
