
Microsoft Visual Studio Solution File, Format Version 12.00
# Visual Studio 2013
VisualStudioVersion = 12.0.40629.0
MinimumVisualStudioVersion = 10.0.40219.1
Project("{FAE04EC0-301F-11D3-BF4B-00C04F79EFBC}") = "Generic.Text.RegularExpressions", "Generic.Text.RegularExpressions\Generic.Text.RegularExpressions.csproj", "{710E6393-02A3-4C81-A2C2-4B8E6B095BF9}"
EndProject
Project("{00D1A9C2-B5F0-4AF3-8072-F6C62B433612}") = "Generic.Clr", "Generic.Clr\Generic.Clr.sqlproj", "{F3ED035D-88AC-4471-98FA-73C7AD47B1E5}"
EndProject
Project("{FAE04EC0-301F-11D3-BF4B-00C04F79EFBC}") = "Generic.Assy2bin", "Generic.Assy2bin\Generic.Assy2bin.csproj", "{2D71C8F2-3EF6-456E-B409-34E9BE3C859F}"
EndProject
Global
	GlobalSection(SolutionConfigurationPlatforms) = preSolution
		Debug|Any CPU = Debug|Any CPU
		Release|Any CPU = Release|Any CPU
	EndGlobalSection
	GlobalSection(ProjectConfigurationPlatforms) = postSolution
		{710E6393-02A3-4C81-A2C2-4B8E6B095BF9}.Debug|Any CPU.ActiveCfg = Debug|Any CPU
		{710E6393-02A3-4C81-A2C2-4B8E6B095BF9}.Debug|Any CPU.Build.0 = Debug|Any CPU
		{710E6393-02A3-4C81-A2C2-4B8E6B095BF9}.Release|Any CPU.ActiveCfg = Release|Any CPU
		{710E6393-02A3-4C81-A2C2-4B8E6B095BF9}.Release|Any CPU.Build.0 = Release|Any CPU
		{F3ED035D-88AC-4471-98FA-73C7AD47B1E5}.Debug|Any CPU.ActiveCfg = Debug|Any CPU
		{F3ED035D-88AC-4471-98FA-73C7AD47B1E5}.Debug|Any CPU.Build.0 = Debug|Any CPU
		{F3ED035D-88AC-4471-98FA-73C7AD47B1E5}.Debug|Any CPU.Deploy.0 = Debug|Any CPU
		{F3ED035D-88AC-4471-98FA-73C7AD47B1E5}.Release|Any CPU.ActiveCfg = Release|Any CPU
		{F3ED035D-88AC-4471-98FA-73C7AD47B1E5}.Release|Any CPU.Build.0 = Release|Any CPU
		{F3ED035D-88AC-4471-98FA-73C7AD47B1E5}.Release|Any CPU.Deploy.0 = Release|Any CPU
		{2D71C8F2-3EF6-456E-B409-34E9BE3C859F}.Debug|Any CPU.ActiveCfg = Debug|Any CPU
		{2D71C8F2-3EF6-456E-B409-34E9BE3C859F}.Debug|Any CPU.Build.0 = Debug|Any CPU
		{2D71C8F2-3EF6-456E-B409-34E9BE3C859F}.Release|Any CPU.ActiveCfg = Release|Any CPU
		{2D71C8F2-3EF6-456E-B409-34E9BE3C859F}.Release|Any CPU.Build.0 = Release|Any CPU
	EndGlobalSection
	GlobalSection(SolutionProperties) = preSolution
		HideSolutionNode = FALSE
	EndGlobalSection
EndGlobal
